
Microsoft Visual Studio Solution File, Format Version 12.00
# Visual Studio Version 17
VisualStudioVersion = 17.5.33516.290
MinimumVisualStudioVersion = 10.0.40219.1
Project("{FAE04EC0-301F-11D3-BF4B-00C04F79EFBC}") = "PreferencesMicroService", "PreferencesMicroService\PreferencesMicroService.csproj", "{BB588FA1-1EA5-4DE3-B130-FC0B72A2D6EC}"
EndProject
Project("{FAE04EC0-301F-11D3-BF4B-00C04F79EFBC}") = "Application", "Application\Application.csproj", "{9017BC45-69BE-4025-B4B0-E14BB1A5BCB6}"
EndProject
Project("{FAE04EC0-301F-11D3-BF4B-00C04F79EFBC}") = "Infrastructure", "Infrastructure\Infrastructure.csproj", "{F4870DF0-FD44-46CB-B548-EBEC123BB7F9}"
EndProject
Project("{FAE04EC0-301F-11D3-BF4B-00C04F79EFBC}") = "Domain", "Domain\Domain.csproj", "{E0E2DFC9-04F6-44AA-9BE4-35BFDADC4C4A}"
EndProject
Global
	GlobalSection(SolutionConfigurationPlatforms) = preSolution
		Debug|Any CPU = Debug|Any CPU
		Release|Any CPU = Release|Any CPU
	EndGlobalSection
	GlobalSection(ProjectConfigurationPlatforms) = postSolution
		{BB588FA1-1EA5-4DE3-B130-FC0B72A2D6EC}.Debug|Any CPU.ActiveCfg = Debug|Any CPU
		{BB588FA1-1EA5-4DE3-B130-FC0B72A2D6EC}.Debug|Any CPU.Build.0 = Debug|Any CPU
		{BB588FA1-1EA5-4DE3-B130-FC0B72A2D6EC}.Release|Any CPU.ActiveCfg = Release|Any CPU
		{BB588FA1-1EA5-4DE3-B130-FC0B72A2D6EC}.Release|Any CPU.Build.0 = Release|Any CPU
		{9017BC45-69BE-4025-B4B0-E14BB1A5BCB6}.Debug|Any CPU.ActiveCfg = Debug|Any CPU
		{9017BC45-69BE-4025-B4B0-E14BB1A5BCB6}.Debug|Any CPU.Build.0 = Debug|Any CPU
		{9017BC45-69BE-4025-B4B0-E14BB1A5BCB6}.Release|Any CPU.ActiveCfg = Release|Any CPU
		{9017BC45-69BE-4025-B4B0-E14BB1A5BCB6}.Release|Any CPU.Build.0 = Release|Any CPU
		{F4870DF0-FD44-46CB-B548-EBEC123BB7F9}.Debug|Any CPU.ActiveCfg = Debug|Any CPU
		{F4870DF0-FD44-46CB-B548-EBEC123BB7F9}.Debug|Any CPU.Build.0 = Debug|Any CPU
		{F4870DF0-FD44-46CB-B548-EBEC123BB7F9}.Release|Any CPU.ActiveCfg = Release|Any CPU
		{F4870DF0-FD44-46CB-B548-EBEC123BB7F9}.Release|Any CPU.Build.0 = Release|Any CPU
		{E0E2DFC9-04F6-44AA-9BE4-35BFDADC4C4A}.Debug|Any CPU.ActiveCfg = Debug|Any CPU
		{E0E2DFC9-04F6-44AA-9BE4-35BFDADC4C4A}.Debug|Any CPU.Build.0 = Debug|Any CPU
		{E0E2DFC9-04F6-44AA-9BE4-35BFDADC4C4A}.Release|Any CPU.ActiveCfg = Release|Any CPU
		{E0E2DFC9-04F6-44AA-9BE4-35BFDADC4C4A}.Release|Any CPU.Build.0 = Release|Any CPU
	EndGlobalSection
	GlobalSection(SolutionProperties) = preSolution
		HideSolutionNode = FALSE
	EndGlobalSection
	GlobalSection(ExtensibilityGlobals) = postSolution
		SolutionGuid = {258F3496-A081-400F-940F-CD70F80B31B5}
	EndGlobalSection
EndGlobal
